
Microsoft Visual Studio Solution File, Format Version 12.00
# Visual Studio Version 16
VisualStudioVersion = 16.0.30413.136
MinimumVisualStudioVersion = 10.0.40219.1
Project("{FAE04EC0-301F-11D3-BF4B-00C04F79EFBC}") = "daniel.alipay", "daniel.alipay\daniel.alipay.csproj", "{0E084D26-9418-4DD4-B0FB-F54B57CD2484}"
EndProject
Project("{FAE04EC0-301F-11D3-BF4B-00C04F79EFBC}") = "daniel.model", "daniel.model\daniel.model.csproj", "{A1920F28-C310-429E-893C-73D8DB453728}"
EndProject
Project("{FAE04EC0-301F-11D3-BF4B-00C04F79EFBC}") = "daniel.bll", "daniel.bll\daniel.bll.csproj", "{D8EADB7B-CDE6-40AD-AB2C-06170F94CB9D}"
EndProject
Project("{FAE04EC0-301F-11D3-BF4B-00C04F79EFBC}") = "daniel.dal", "daniel.dal\daniel.dal.csproj", "{7B1B6F12-96DE-4A14-A294-A8FBC1E2DDF4}"
EndProject
Project("{FAE04EC0-301F-11D3-BF4B-00C04F79EFBC}") = "daniel.common", "daniel.common\daniel.common.csproj", "{66065FD8-59D5-4E72-9C75-EFF994A248FB}"
EndProject
Global
	GlobalSection(SolutionConfigurationPlatforms) = preSolution
		Debug|Any CPU = Debug|Any CPU
		Release|Any CPU = Release|Any CPU
	EndGlobalSection
	GlobalSection(ProjectConfigurationPlatforms) = postSolution
		{0E084D26-9418-4DD4-B0FB-F54B57CD2484}.Debug|Any CPU.ActiveCfg = Debug|Any CPU
		{0E084D26-9418-4DD4-B0FB-F54B57CD2484}.Debug|Any CPU.Build.0 = Debug|Any CPU
		{0E084D26-9418-4DD4-B0FB-F54B57CD2484}.Release|Any CPU.ActiveCfg = Release|Any CPU
		{0E084D26-9418-4DD4-B0FB-F54B57CD2484}.Release|Any CPU.Build.0 = Release|Any CPU
		{A1920F28-C310-429E-893C-73D8DB453728}.Debug|Any CPU.ActiveCfg = Debug|Any CPU
		{A1920F28-C310-429E-893C-73D8DB453728}.Debug|Any CPU.Build.0 = Debug|Any CPU
		{A1920F28-C310-429E-893C-73D8DB453728}.Release|Any CPU.ActiveCfg = Release|Any CPU
		{A1920F28-C310-429E-893C-73D8DB453728}.Release|Any CPU.Build.0 = Release|Any CPU
		{D8EADB7B-CDE6-40AD-AB2C-06170F94CB9D}.Debug|Any CPU.ActiveCfg = Debug|Any CPU
		{D8EADB7B-CDE6-40AD-AB2C-06170F94CB9D}.Debug|Any CPU.Build.0 = Debug|Any CPU
		{D8EADB7B-CDE6-40AD-AB2C-06170F94CB9D}.Release|Any CPU.ActiveCfg = Release|Any CPU
		{D8EADB7B-CDE6-40AD-AB2C-06170F94CB9D}.Release|Any CPU.Build.0 = Release|Any CPU
		{7B1B6F12-96DE-4A14-A294-A8FBC1E2DDF4}.Debug|Any CPU.ActiveCfg = Debug|Any CPU
		{7B1B6F12-96DE-4A14-A294-A8FBC1E2DDF4}.Debug|Any CPU.Build.0 = Debug|Any CPU
		{7B1B6F12-96DE-4A14-A294-A8FBC1E2DDF4}.Release|Any CPU.ActiveCfg = Release|Any CPU
		{7B1B6F12-96DE-4A14-A294-A8FBC1E2DDF4}.Release|Any CPU.Build.0 = Release|Any CPU
		{66065FD8-59D5-4E72-9C75-EFF994A248FB}.Debug|Any CPU.ActiveCfg = Debug|Any CPU
		{66065FD8-59D5-4E72-9C75-EFF994A248FB}.Debug|Any CPU.Build.0 = Debug|Any CPU
		{66065FD8-59D5-4E72-9C75-EFF994A248FB}.Release|Any CPU.ActiveCfg = Release|Any CPU
		{66065FD8-59D5-4E72-9C75-EFF994A248FB}.Release|Any CPU.Build.0 = Release|Any CPU
	EndGlobalSection
	GlobalSection(SolutionProperties) = preSolution
		HideSolutionNode = FALSE
	EndGlobalSection
	GlobalSection(ExtensibilityGlobals) = postSolution
		SolutionGuid = {8FADD228-F3CF-44ED-83D4-49AFAD142122}
	EndGlobalSection
EndGlobal
